
Microsoft Visual Studio Solution File, Format Version 12.00
# Visual Studio Version 17
VisualStudioVersion = 17.14.36414.22 d17.14
MinimumVisualStudioVersion = 10.0.40219.1
Project("{FAE04EC0-301F-11D3-BF4B-00C04F79EFBC}") = "GRWMJobs.PL", "GRWMJobs.PL\GRWMJobs.PL.csproj", "{7201F75F-F98D-4409-9A9F-172E0138D96C}"
EndProject
Project("{FAE04EC0-301F-11D3-BF4B-00C04F79EFBC}") = "GRWMJobs.DAL", "GRWMJobs.DAL\GRWMJobs.DAL.csproj", "{A6F29B3F-B63D-4765-BEEF-4B1689E5BC3E}"
EndProject
Project("{FAE04EC0-301F-11D3-BF4B-00C04F79EFBC}") = "GRWM.BLL", "GRWM.BLL\GRWM.BLL.csproj", "{9CA8A710-8A9D-44F2-A240-BD188566E45F}"
EndProject
Global
	GlobalSection(SolutionConfigurationPlatforms) = preSolution
		Debug|Any CPU = Debug|Any CPU
		Release|Any CPU = Release|Any CPU
	EndGlobalSection
	GlobalSection(ProjectConfigurationPlatforms) = postSolution
		{7201F75F-F98D-4409-9A9F-172E0138D96C}.Debug|Any CPU.ActiveCfg = Debug|Any CPU
		{7201F75F-F98D-4409-9A9F-172E0138D96C}.Debug|Any CPU.Build.0 = Debug|Any CPU
		{7201F75F-F98D-4409-9A9F-172E0138D96C}.Release|Any CPU.ActiveCfg = Release|Any CPU
		{7201F75F-F98D-4409-9A9F-172E0138D96C}.Release|Any CPU.Build.0 = Release|Any CPU
		{A6F29B3F-B63D-4765-BEEF-4B1689E5BC3E}.Debug|Any CPU.ActiveCfg = Debug|Any CPU
		{A6F29B3F-B63D-4765-BEEF-4B1689E5BC3E}.Debug|Any CPU.Build.0 = Debug|Any CPU
		{A6F29B3F-B63D-4765-BEEF-4B1689E5BC3E}.Release|Any CPU.ActiveCfg = Release|Any CPU
		{A6F29B3F-B63D-4765-BEEF-4B1689E5BC3E}.Release|Any CPU.Build.0 = Release|Any CPU
		{9CA8A710-8A9D-44F2-A240-BD188566E45F}.Debug|Any CPU.ActiveCfg = Debug|Any CPU
		{9CA8A710-8A9D-44F2-A240-BD188566E45F}.Debug|Any CPU.Build.0 = Debug|Any CPU
		{9CA8A710-8A9D-44F2-A240-BD188566E45F}.Release|Any CPU.ActiveCfg = Release|Any CPU
		{9CA8A710-8A9D-44F2-A240-BD188566E45F}.Release|Any CPU.Build.0 = Release|Any CPU
	EndGlobalSection
	GlobalSection(SolutionProperties) = preSolution
		HideSolutionNode = FALSE
	EndGlobalSection
	GlobalSection(ExtensibilityGlobals) = postSolution
		SolutionGuid = {A1AEDFF6-67AE-4DF6-8DD1-A585BB24CBE6}
	EndGlobalSection
EndGlobal
